
Microsoft Visual Studio Solution File, Format Version 12.00
# Visual Studio Version 17
VisualStudioVersion = 17.14.36518.9 d17.14
MinimumVisualStudioVersion = 10.0.40219.1
Project("{2150E333-8FDC-42A3-9474-1A3956D46DE8}") = "Solution Items", "Solution Items", "{7AA98EDF-1B83-4003-8C6C-B9185513A42B}"
	ProjectSection(SolutionItems) = preProject
		.editorconfig = .editorconfig
		Directory.Packages.props = Directory.Packages.props
	EndProjectSection
EndProject
Project("{FAE04EC0-301F-11D3-BF4B-00C04F79EFBC}") = "GidroAtlas.Api", "GidroAtlas.Api\GidroAtlas.Api.csproj", "{4274A712-A6F5-4194-92F1-FF0EA0360C6D}"
EndProject
Project("{FAE04EC0-301F-11D3-BF4B-00C04F79EFBC}") = "GidroAtlas.Shared", "GidroAtlas.Shared\GidroAtlas.Shared.csproj", "{319BF144-F2FB-41BA-ADE9-964FA2CD82ED}"
EndProject
Project("{FAE04EC0-301F-11D3-BF4B-00C04F79EFBC}") = "GidroAtlas.Web", "GidroAtlas.Web\GidroAtlas.Web.csproj", "{1E641E54-8AE6-47E8-885D-E0285408FFF0}"
EndProject
Project("{FAE04EC0-301F-11D3-BF4B-00C04F79EFBC}") = "GidroAtlas.ML", "GidroAtlas.ML\GidroAtlas.ML.csproj", "{3F931965-CCD6-4A1E-9CED-89514281D422}"
EndProject
Global
	GlobalSection(SolutionConfigurationPlatforms) = preSolution
		Debug|Any CPU = Debug|Any CPU
		Debug|x64 = Debug|x64
		Debug|x86 = Debug|x86
		Release|Any CPU = Release|Any CPU
		Release|x64 = Release|x64
		Release|x86 = Release|x86
	EndGlobalSection
	GlobalSection(ProjectConfigurationPlatforms) = postSolution
		{4274A712-A6F5-4194-92F1-FF0EA0360C6D}.Debug|Any CPU.ActiveCfg = Debug|Any CPU
		{4274A712-A6F5-4194-92F1-FF0EA0360C6D}.Debug|Any CPU.Build.0 = Debug|Any CPU
		{4274A712-A6F5-4194-92F1-FF0EA0360C6D}.Debug|x64.ActiveCfg = Debug|Any CPU
		{4274A712-A6F5-4194-92F1-FF0EA0360C6D}.Debug|x64.Build.0 = Debug|Any CPU
		{4274A712-A6F5-4194-92F1-FF0EA0360C6D}.Debug|x86.ActiveCfg = Debug|Any CPU
		{4274A712-A6F5-4194-92F1-FF0EA0360C6D}.Debug|x86.Build.0 = Debug|Any CPU
		{4274A712-A6F5-4194-92F1-FF0EA0360C6D}.Release|Any CPU.ActiveCfg = Release|Any CPU
		{4274A712-A6F5-4194-92F1-FF0EA0360C6D}.Release|Any CPU.Build.0 = Release|Any CPU
		{4274A712-A6F5-4194-92F1-FF0EA0360C6D}.Release|x64.ActiveCfg = Release|Any CPU
		{4274A712-A6F5-4194-92F1-FF0EA0360C6D}.Release|x64.Build.0 = Release|Any CPU
		{4274A712-A6F5-4194-92F1-FF0EA0360C6D}.Release|x86.ActiveCfg = Release|Any CPU
		{4274A712-A6F5-4194-92F1-FF0EA0360C6D}.Release|x86.Build.0 = Release|Any CPU
		{319BF144-F2FB-41BA-ADE9-964FA2CD82ED}.Debug|Any CPU.ActiveCfg = Debug|Any CPU
		{319BF144-F2FB-41BA-ADE9-964FA2CD82ED}.Debug|Any CPU.Build.0 = Debug|Any CPU
		{319BF144-F2FB-41BA-ADE9-964FA2CD82ED}.Debug|x64.ActiveCfg = Debug|Any CPU
		{319BF144-F2FB-41BA-ADE9-964FA2CD82ED}.Debug|x64.Build.0 = Debug|Any CPU
		{319BF144-F2FB-41BA-ADE9-964FA2CD82ED}.Debug|x86.ActiveCfg = Debug|Any CPU
		{319BF144-F2FB-41BA-ADE9-964FA2CD82ED}.Debug|x86.Build.0 = Debug|Any CPU
		{319BF144-F2FB-41BA-ADE9-964FA2CD82ED}.Release|Any CPU.ActiveCfg = Release|Any CPU
		{319BF144-F2FB-41BA-ADE9-964FA2CD82ED}.Release|Any CPU.Build.0 = Release|Any CPU
		{319BF144-F2FB-41BA-ADE9-964FA2CD82ED}.Release|x64.ActiveCfg = Release|Any CPU
		{319BF144-F2FB-41BA-ADE9-964FA2CD82ED}.Release|x64.Build.0 = Release|Any CPU
		{319BF144-F2FB-41BA-ADE9-964FA2CD82ED}.Release|x86.ActiveCfg = Release|Any CPU
		{319BF144-F2FB-41BA-ADE9-964FA2CD82ED}.Release|x86.Build.0 = Release|Any CPU
		{1E641E54-8AE6-47E8-885D-E0285408FFF0}.Debug|Any CPU.ActiveCfg = Debug|Any CPU
		{1E641E54-8AE6-47E8-885D-E0285408FFF0}.Debug|Any CPU.Build.0 = Debug|Any CPU
		{1E641E54-8AE6-47E8-885D-E0285408FFF0}.Debug|x64.ActiveCfg = Debug|Any CPU
		{1E641E54-8AE6-47E8-885D-E0285408FFF0}.Debug|x64.Build.0 = Debug|Any CPU
		{1E641E54-8AE6-47E8-885D-E0285408FFF0}.Debug|x86.ActiveCfg = Debug|Any CPU
		{1E641E54-8AE6-47E8-885D-E0285408FFF0}.Debug|x86.Build.0 = Debug|Any CPU
		{1E641E54-8AE6-47E8-885D-E0285408FFF0}.Release|Any CPU.ActiveCfg = Release|Any CPU
		{1E641E54-8AE6-47E8-885D-E0285408FFF0}.Release|Any CPU.Build.0 = Release|Any CPU
		{1E641E54-8AE6-47E8-885D-E0285408FFF0}.Release|x64.ActiveCfg = Release|Any CPU
		{1E641E54-8AE6-47E8-885D-E0285408FFF0}.Release|x64.Build.0 = Release|Any CPU
		{1E641E54-8AE6-47E8-885D-E0285408FFF0}.Release|x86.ActiveCfg = Release|Any CPU
		{1E641E54-8AE6-47E8-885D-E0285408FFF0}.Release|x86.Build.0 = Release|Any CPU
		{3F931965-CCD6-4A1E-9CED-89514281D422}.Debug|Any CPU.ActiveCfg = Debug|Any CPU
		{3F931965-CCD6-4A1E-9CED-89514281D422}.Debug|Any CPU.Build.0 = Debug|Any CPU
		{3F931965-CCD6-4A1E-9CED-89514281D422}.Debug|x64.ActiveCfg = Debug|Any CPU
		{3F931965-CCD6-4A1E-9CED-89514281D422}.Debug|x64.Build.0 = Debug|Any CPU
		{3F931965-CCD6-4A1E-9CED-89514281D422}.Debug|x86.ActiveCfg = Debug|Any CPU
		{3F931965-CCD6-4A1E-9CED-89514281D422}.Debug|x86.Build.0 = Debug|Any CPU
		{3F931965-CCD6-4A1E-9CED-89514281D422}.Release|Any CPU.ActiveCfg = Release|Any CPU
		{3F931965-CCD6-4A1E-9CED-89514281D422}.Release|Any CPU.Build.0 = Release|Any CPU
		{3F931965-CCD6-4A1E-9CED-89514281D422}.Release|x64.ActiveCfg = Release|Any CPU
		{3F931965-CCD6-4A1E-9CED-89514281D422}.Release|x64.Build.0 = Release|Any CPU
		{3F931965-CCD6-4A1E-9CED-89514281D422}.Release|x86.ActiveCfg = Release|Any CPU
		{3F931965-CCD6-4A1E-9CED-89514281D422}.Release|x86.Build.0 = Release|Any CPU
	EndGlobalSection
	GlobalSection(SolutionProperties) = preSolution
		HideSolutionNode = FALSE
	EndGlobalSection
	GlobalSection(ExtensibilityGlobals) = postSolution
		SolutionGuid = {F100AA52-86F5-4B7C-AFC1-3038B664E097}
	EndGlobalSection
EndGlobal
